# This file is autogenerated, do not edit; changes may be undone by the next 'dep ensure'.


[[projects]]
  digest = "1:63dcec0ce79283851834f681503a2cc1d50e1b1b0c5750074882445a3082ca1c"
  name = "github.com/Azure/go-ansiterm"
  packages = [
    ".",
    "winterm",
  ]
  pruneopts = "UT"
  revision = "388960b655244e76e24c75f48631564eaefade62"

[[projects]]
  digest = "1:d5e752c67b445baa5b6cb6f8aa706775c2aa8e41aca95a0c651520ff2c80361a"
  name = "github.com/Microsoft/go-winio"
  packages = [
    ".",
    "pkg/guid",
  ]
  pruneopts = "UT"
  revision = "6c72808b55902eae4c5943626030429ff20f3b63"
  version = "v0.4.14"

[[projects]]
  branch = "master"
  digest = "1:3721a10686511b80c052323423f0de17a8c06d417dbdd3b392b1578432a33aae"
  name = "github.com/Nvveen/Gotty"
  packages = ["."]
  pruneopts = "UT"
  revision = "cd527374f1e5bff4938207604a14f2e38a9cf512"

[[projects]]
  digest = "1:8011d6367a04c40f1a9f50274e5e22b1cd5c05104d87cd8cf21d5a56c0cc3bd8"
  name = "github.com/Sirupsen/logrus"
  packages = ["."]
  pruneopts = "UT"
  revision = "ba1b36c82c5e05c4f912a88eab0dcd91a171688f"
  version = "v0.11.5"

[[projects]]
  digest = "1:e92f5581902c345eb4ceffdcd4a854fb8f73cf436d47d837d1ec98ef1fe0a214"
  name = "github.com/StackExchange/wmi"
  packages = ["."]
  pruneopts = "UT"
  revision = "5d049714c4a64225c3c79a7cf7d02f7fb5b96338"
  version = "1.0.0"

[[projects]]
  digest = "1:2734f64badcd6ff46a23ef1864621a0c42b694c91383dc18c6b375bfe1fe9984"
  name = "github.com/beeker1121/goque"
  packages = ["."]
  pruneopts = "UT"
  revision = "e1e63ca63c14b41209e160f54c8e7669564eacc4"
  version = "v2.0.1"

[[projects]]
  digest = "1:5155f7153c694dc8e2efd74d799a27fd54e65778fa3f0c3e17626df724857db9"
  name = "github.com/coreos/go-systemd"
  packages = ["activation"]
  pruneopts = "UT"
  revision = "e64a0ec8b42a61e2a9801dc1d0abe539dea79197"
  version = "v20"

[[projects]]
  digest = "1:58167c06a7ab4813a10bd502256177bfa810297af4faf69ffa59a8d386288574"
  name = "github.com/docker/docker"
  packages = [
    "api/types",
    "api/types/backend",
    "api/types/blkiodev",
    "api/types/container",
    "api/types/filters",
    "api/types/mount",
    "api/types/network",
    "api/types/plugins/logdriver",
    "api/types/registry",
    "api/types/strslice",
    "api/types/swarm",
    "api/types/versions",
    "daemon/logger",
    "daemon/logger/jsonfilelog",
    "daemon/logger/loggerutils",
    "pkg/filenotify",
    "pkg/ioutils",
    "pkg/jsonlog",
    "pkg/jsonmessage",
    "pkg/longpath",
    "pkg/plugingetter",
    "pkg/plugins",
    "pkg/plugins/transport",
    "pkg/progress",
    "pkg/pubsub",
    "pkg/random",
    "pkg/streamformatter",
    "pkg/stringid",
    "pkg/tailfile",
    "pkg/templates",
    "pkg/term",
    "pkg/term/windows",
  ]
  pruneopts = "UT"
  revision = "90d35abf7b3535c1c319c872900fbd76374e521c"
  version = "v17.05.0-ce-rc3"

[[projects]]
  digest = "1:811c86996b1ca46729bad2724d4499014c4b9effd05ef8c71b852aad90deb0ce"
  name = "github.com/docker/go-connections"
  packages = [
    "nat",
    "sockets",
    "tlsconfig",
  ]
  pruneopts = "UT"
  revision = "7395e3f8aa162843a74ed6d48e79627d9792ac55"
  version = "v0.4.0"

[[projects]]
  branch = "master"
  digest = "1:64aa7651bec9ea1eb3535fda3590661da0e6c225b746745976fa94c4126d652b"
  name = "github.com/docker/go-plugins-helpers"
  packages = ["sdk"]
  pruneopts = "UT"
  revision = "1e6269c305b8c75cfda1c8aa91349c38d7335814"

[[projects]]
  digest = "1:57d39983d01980c1317c2c5c6dd4b5b0c4a804ad2df800f2f6cbcd6a6d05f6ca"
  name = "github.com/docker/go-units"
  packages = ["."]
  pruneopts = "UT"
  revision = "9e638d38cf6977a37a8ea0078f3ee75a7cdb2dd1"

[[projects]]
  digest = "1:af43bdaaf86655a2343f113e9b293bbc16b12099eaeb223982bbe4d4c22ba14d"
  name = "github.com/fatih/structs"
  packages = ["."]
  pruneopts = "UT"
  revision = "4966fc68f5b7593aafa6cbbba2d65ec6e1416047"
  version = "v1.1.0"

[[projects]]
  digest = "1:cb12ab9443677acf9b15dbcb144dbb87a50883571f9d012b7d7a40c16e875e80"
  name = "github.com/fsnotify/fsnotify"
  packages = ["."]
  pruneopts = "UT"
  revision = "836bfd95fecc0f1511dd66bdbf2b5b61ab8b00b6"
  version = "v1.2.11"

[[projects]]
  digest = "1:440028f55cb322d8cb5b9d5ebec298a00b7d74690a658fe6b1c0c0b44341bfae"
  name = "github.com/go-ole/go-ole"
  packages = [
    ".",
    "oleutil",
  ]
  pruneopts = "UT"
  revision = "97b6244175ae18ea6eef668034fd6565847501c9"
  version = "v1.2.4"

[[projects]]
  digest = "1:e5e844c8e33291744760181d0041a5fd312bbebf66a8060c410d5befdf54fc14"
  name = "github.com/gogo/protobuf"
  packages = [
    "io",
    "proto",
  ]
  pruneopts = "UT"
  revision = "0ca988a254f991240804bf9821f3450d87ccbb1b"
  version = "v1.3.0"

[[projects]]
  digest = "1:e4f5819333ac698d294fe04dbf640f84719658d5c7ce195b10060cc37292ce79"
  name = "github.com/golang/snappy"
  packages = ["."]
  pruneopts = "UT"
  revision = "2a8bb927dd31d8daada140a5d09578521ce5c36a"
  version = "v0.0.1"

[[projects]]
  branch = "master"
  digest = "1:9881d2f5be064682e6ab90b9f4e66f875d6cf22d4a099c0665f8cac4f21a9921"
  name = "github.com/logzio/logzio-go"
  packages = ["."]
  pruneopts = "UT"
  revision = "4cd568a9b6d6fcfe3cf9da2d84b684dac6f325cd"

[[projects]]
  digest = "1:cf31692c14422fa27c83a05292eb5cbe0fb2775972e8f1f8446a71549bd8980b"
  name = "github.com/pkg/errors"
  packages = ["."]
  pruneopts = "UT"
  revision = "ba968bfe8b2f7e042a574c888954fccecfa385b4"
  version = "v0.8.1"

[[projects]]
  digest = "1:b95189af9471960833fccd39aca2fe1c444b50cfb8c728b985f40fa594d0b36a"
  name = "github.com/shirou/gopsutil"
  packages = [
    "disk",
    "internal/common",
  ]
  pruneopts = "UT"
  revision = "e4ec7b275ada47ca32799106c2dba142d96aaf93"
  version = "v2.19.8"

[[projects]]
  digest = "1:5b180f17d5bc50b765f4dcf0d126c72979531cbbd7f7929bf3edd87fb801ea2d"
  name = "github.com/syndtr/goleveldb"
  packages = [
    "leveldb",
    "leveldb/cache",
    "leveldb/comparer",
    "leveldb/errors",
    "leveldb/filter",
    "leveldb/iterator",
    "leveldb/journal",
    "leveldb/memdb",
    "leveldb/opt",
    "leveldb/storage",
    "leveldb/table",
    "leveldb/util",
  ]
  pruneopts = "UT"
  revision = "9d007e481048296f09f59bd19bb7ae584563cd95"
  version = "v1.0.0"

[[projects]]
  branch = "master"
  digest = "1:1b9a7426259b5333d575785e21e1bd0decf18208f5bfb6424d24a50d5ddf83d0"
  name = "github.com/tonistiigi/fifo"
  packages = ["."]
  pruneopts = "UT"
  revision = "bda0ff6ed73c67bfb5e62bc9c697f146b7fd7f13"

[[projects]]
  digest = "1:a5158647b553c61877aa9ae74f4015000294e47981e6b8b07525edcbb0747c81"
  name = "go.uber.org/atomic"
  packages = ["."]
  pruneopts = "UT"
  revision = "df976f2515e274675050de7b3f42545de80594fd"
  version = "v1.4.0"

[[projects]]
  branch = "master"
  digest = "1:0304634fa2603fdbcdd163bf349d056b979adc412c7fc46578c7983c8bf74219"
  name = "golang.org/x/net"
  packages = [
    "context",
    "internal/socks",
    "proxy",
  ]
  pruneopts = "UT"
  revision = "c00fd9afed17cfdca9b3e1e3b8de7ef2b3f0347b"

[[projects]]
  branch = "master"
  digest = "1:84aa29f57ad15b7344340348606996a4251bca7b1f8c5fa5370eea3a44e8ed07"
  name = "golang.org/x/sys"
  packages = [
    "unix",
    "windows",
  ]
  pruneopts = "UT"
  revision = "2837fb4f24fee082b8c39b1a6dc9e0ed9f3fbd4f"

[[projects]]
  digest = "1:600b0e53535b033363a3c22bbb712e635799a2a4d516bdd8c8435d12901dfdd3"
  name = "golang.org/x/time"
  packages = ["rate"]
  pruneopts = "UT"
  revision = "a4bde12657593d5e90d0533a3e4fd95e635124cb"

[solve-meta]
  analyzer-name = "dep"
  analyzer-version = 1
  input-imports = [
    "github.com/Sirupsen/logrus",
    "github.com/beeker1121/goque",
    "github.com/docker/docker/api/types/plugins/logdriver",
    "github.com/docker/docker/daemon/logger",
    "github.com/docker/docker/daemon/logger/jsonfilelog",
    "github.com/docker/docker/daemon/logger/loggerutils",
    "github.com/docker/docker/pkg/ioutils",
    "github.com/docker/go-plugins-helpers/sdk",
    "github.com/fatih/structs",
    "github.com/gogo/protobuf/io",
    "github.com/logzio/logzio-go",
    "github.com/pkg/errors",
    "github.com/tonistiigi/fifo",
  ]
  solver-name = "gps-cdcl"
  solver-version = 1
