# This file is autogenerated, do not edit; changes may be undone by the next 'dep ensure'.


[[projects]]
  digest = "1:63dcec0ce79283851834f681503a2cc1d50e1b1b0c5750074882445a3082ca1c"
  name = "github.com/Azure/go-ansiterm"
  packages = [
    ".",
    "winterm",
  ]
  pruneopts = "UT"
  revision = "388960b655244e76e24c75f48631564eaefade62"

[[projects]]
  digest = "1:f9ae348e1f793dcf9ed930ed47136a67343dbd6809c5c91391322267f4476892"
  name = "github.com/Microsoft/go-winio"
  packages = ["."]
  pruneopts = "UT"
  revision = "1a8911d1ed007260465c3bfbbc785ac6915a0bb8"
  version = "v0.4.12"

[[projects]]
  branch = "master"
  digest = "1:3721a10686511b80c052323423f0de17a8c06d417dbdd3b392b1578432a33aae"
  name = "github.com/Nvveen/Gotty"
  packages = ["."]
  pruneopts = "UT"
  revision = "cd527374f1e5bff4938207604a14f2e38a9cf512"

[[projects]]
  digest = "1:8011d6367a04c40f1a9f50274e5e22b1cd5c05104d87cd8cf21d5a56c0cc3bd8"
  name = "github.com/Sirupsen/logrus"
  packages = ["."]
  pruneopts = "UT"
  revision = "ba1b36c82c5e05c4f912a88eab0dcd91a171688f"
  version = "v0.11.5"

[[projects]]
  digest = "1:2734f64badcd6ff46a23ef1864621a0c42b694c91383dc18c6b375bfe1fe9984"
  name = "github.com/beeker1121/goque"
  packages = ["."]
  pruneopts = "UT"
  revision = "e1e63ca63c14b41209e160f54c8e7669564eacc4"
  version = "v2.0.1"

[[projects]]
  digest = "1:5155f7153c694dc8e2efd74d799a27fd54e65778fa3f0c3e17626df724857db9"
  name = "github.com/coreos/go-systemd"
  packages = ["activation"]
  pruneopts = "UT"
  revision = "95778dfbb74eb7e4dbaf43bf7d71809650ef8076"
  version = "v19"

[[projects]]
  digest = "1:58167c06a7ab4813a10bd502256177bfa810297af4faf69ffa59a8d386288574"
  name = "github.com/docker/docker"
  packages = [
    "api/types",
    "api/types/backend",
    "api/types/blkiodev",
    "api/types/container",
    "api/types/filters",
    "api/types/mount",
    "api/types/network",
    "api/types/plugins/logdriver",
    "api/types/registry",
    "api/types/strslice",
    "api/types/swarm",
    "api/types/versions",
    "daemon/logger",
    "daemon/logger/jsonfilelog",
    "daemon/logger/loggerutils",
    "pkg/filenotify",
    "pkg/ioutils",
    "pkg/jsonlog",
    "pkg/jsonmessage",
    "pkg/longpath",
    "pkg/plugingetter",
    "pkg/plugins",
    "pkg/plugins/transport",
    "pkg/progress",
    "pkg/pubsub",
    "pkg/random",
    "pkg/streamformatter",
    "pkg/stringid",
    "pkg/tailfile",
    "pkg/templates",
    "pkg/term",
    "pkg/term/windows",
  ]
  pruneopts = "UT"
  revision = "90d35abf7b3535c1c319c872900fbd76374e521c"
  version = "v17.05.0-ce-rc3"

[[projects]]
  digest = "1:811c86996b1ca46729bad2724d4499014c4b9effd05ef8c71b852aad90deb0ce"
  name = "github.com/docker/go-connections"
  packages = [
    "nat",
    "sockets",
    "tlsconfig",
  ]
  pruneopts = "UT"
  revision = "7395e3f8aa162843a74ed6d48e79627d9792ac55"
  version = "v0.4.0"

[[projects]]
  branch = "master"
  digest = "1:64aa7651bec9ea1eb3535fda3590661da0e6c225b746745976fa94c4126d652b"
  name = "github.com/docker/go-plugins-helpers"
  packages = ["sdk"]
  pruneopts = "UT"
  revision = "1e6269c305b8c75cfda1c8aa91349c38d7335814"

[[projects]]
  digest = "1:57d39983d01980c1317c2c5c6dd4b5b0c4a804ad2df800f2f6cbcd6a6d05f6ca"
  name = "github.com/docker/go-units"
  packages = ["."]
  pruneopts = "UT"
  revision = "9e638d38cf6977a37a8ea0078f3ee75a7cdb2dd1"

[[projects]]
  branch = "master"
  digest = "1:294d1f2fd98cc5d9a2036503359ebab91c8e3755b3dc44c95946fce36603fe0f"
  name = "github.com/dougEfresh/logzio-go"
  packages = ["."]
  pruneopts = "UT"
  revision = "37b24151b96353781053493f296835dcf8de7057"

[[projects]]
  digest = "1:af43bdaaf86655a2343f113e9b293bbc16b12099eaeb223982bbe4d4c22ba14d"
  name = "github.com/fatih/structs"
  packages = ["."]
  pruneopts = "UT"
  revision = "4966fc68f5b7593aafa6cbbba2d65ec6e1416047"
  version = "v1.1.0"

[[projects]]
  digest = "1:cb12ab9443677acf9b15dbcb144dbb87a50883571f9d012b7d7a40c16e875e80"
  name = "github.com/fsnotify/fsnotify"
  packages = ["."]
  pruneopts = "UT"
  revision = "836bfd95fecc0f1511dd66bdbf2b5b61ab8b00b6"
  version = "v1.2.11"

[[projects]]
  digest = "1:760b2447d30444b6c2da7f77b677921f095fe19e6ed423b2edc1cd47a8507789"
  name = "github.com/gogo/protobuf"
  packages = [
    "io",
    "proto",
  ]
  pruneopts = "UT"
  revision = "ba06b47c162d49f2af050fb4c75bcbc86a159d5c"
  version = "v1.2.1"

[[projects]]
  digest = "1:e4f5819333ac698d294fe04dbf640f84719658d5c7ce195b10060cc37292ce79"
  name = "github.com/golang/snappy"
  packages = ["."]
  pruneopts = "UT"
  revision = "2a8bb927dd31d8daada140a5d09578521ce5c36a"
  version = "v0.0.1"

[[projects]]
  digest = "1:cf31692c14422fa27c83a05292eb5cbe0fb2775972e8f1f8446a71549bd8980b"
  name = "github.com/pkg/errors"
  packages = ["."]
  pruneopts = "UT"
  revision = "ba968bfe8b2f7e042a574c888954fccecfa385b4"
  version = "v0.8.1"

[[projects]]
  branch = "master"
  digest = "1:0a7bff3079a5232e66bd5396b1ff615475de1f92574dbcb76d4ee30b4ebabd76"
  name = "github.com/ricochet2200/go-disk-usage"
  packages = ["du"]
  pruneopts = "UT"
  revision = "f0d1b743428fc09792f93233d9412f89f88fa2ab"

[[projects]]
  digest = "1:5b180f17d5bc50b765f4dcf0d126c72979531cbbd7f7929bf3edd87fb801ea2d"
  name = "github.com/syndtr/goleveldb"
  packages = [
    "leveldb",
    "leveldb/cache",
    "leveldb/comparer",
    "leveldb/errors",
    "leveldb/filter",
    "leveldb/iterator",
    "leveldb/journal",
    "leveldb/memdb",
    "leveldb/opt",
    "leveldb/storage",
    "leveldb/table",
    "leveldb/util",
  ]
  pruneopts = "UT"
  revision = "9d007e481048296f09f59bd19bb7ae584563cd95"
  version = "v1.0.0"

[[projects]]
  branch = "master"
  digest = "1:9ab2182297ebe5a1433c9804ba65a382e4f41e3084485d1b4d31996e4c992e38"
  name = "github.com/tonistiigi/fifo"
  packages = ["."]
  pruneopts = "UT"
  revision = "a9fb20d87448d386e6d50b1f2e1fa70dcf0de43c"

[[projects]]
  digest = "1:3c1a69cdae3501bf75e76d0d86dc6f2b0a7421bc205c0cb7b96b19eed464a34d"
  name = "go.uber.org/atomic"
  packages = ["."]
  pruneopts = "UT"
  revision = "1ea20fb1cbb1cc08cbd0d913a96dead89aa18289"
  version = "v1.3.2"

[[projects]]
  branch = "master"
  digest = "1:0b851485460e2bf7e8a5eeb9d115e8f89f3a82b6ccd4388892be08bb5f216d44"
  name = "golang.org/x/net"
  packages = [
    "context",
    "internal/socks",
    "proxy",
  ]
  pruneopts = "UT"
  revision = "eb5bcb51f2a31c7d5141d810b70815c05d9c9146"

[[projects]]
  branch = "master"
  digest = "1:503f66aac79cb9135d73679c7fa3e95a6fad82a3da399c505ea282b50ff03723"
  name = "golang.org/x/sys"
  packages = [
    "unix",
    "windows",
  ]
  pruneopts = "UT"
  revision = "4b34438f7a67ee5f45cc6132e2bad873a20324e9"

[[projects]]
  digest = "1:600b0e53535b033363a3c22bbb712e635799a2a4d516bdd8c8435d12901dfdd3"
  name = "golang.org/x/time"
  packages = ["rate"]
  pruneopts = "UT"
  revision = "a4bde12657593d5e90d0533a3e4fd95e635124cb"

[solve-meta]
  analyzer-name = "dep"
  analyzer-version = 1
  input-imports = [
    "github.com/Sirupsen/logrus",
    "github.com/beeker1121/goque",
    "github.com/docker/docker/api/types/plugins/logdriver",
    "github.com/docker/docker/daemon/logger",
    "github.com/docker/docker/daemon/logger/jsonfilelog",
    "github.com/docker/docker/daemon/logger/loggerutils",
    "github.com/docker/docker/pkg/ioutils",
    "github.com/docker/go-plugins-helpers/sdk",
    "github.com/dougEfresh/logzio-go",
    "github.com/fatih/structs",
    "github.com/gogo/protobuf/io",
    "github.com/pkg/errors",
    "github.com/tonistiigi/fifo",
  ]
  solver-name = "gps-cdcl"
  solver-version = 1
